
Microsoft Visual Studio Solution File, Format Version 12.00
# Visual Studio 14
VisualStudioVersion = 14.0.24720.0
MinimumVisualStudioVersion = 10.0.40219.1
Project("{8BC9CEB8-8B4A-11D0-8D11-00A0C91BC942}") = "GrimDawnFileReader", "GrimDawnFileReader.vcxproj", "{8F0CC5D4-CD17-4A8B-927A-BF644F51A095}"
EndProject
Project("{FAE04EC0-301F-11D3-BF4B-00C04F79EFBC}") = "Grim Dawn Character Trainer", "..\GrimDawnCharacterTrainer\Grim Dawn Character Trainer.csproj", "{D506D855-1687-4180-8FEF-0512A6F1ECE0}"
	ProjectSection(ProjectDependencies) = postProject
		{8F0CC5D4-CD17-4A8B-927A-BF644F51A095} = {8F0CC5D4-CD17-4A8B-927A-BF644F51A095}
	EndProjectSection
EndProject
Global
	GlobalSection(SolutionConfigurationPlatforms) = preSolution
		Debug|Any CPU = Debug|Any CPU
		Debug|ARM = Debug|ARM
		Debug|x64 = Debug|x64
		Debug|x86 = Debug|x86
		Release|Any CPU = Release|Any CPU
		Release|ARM = Release|ARM
		Release|x64 = Release|x64
		Release|x86 = Release|x86
	EndGlobalSection
	GlobalSection(ProjectConfigurationPlatforms) = postSolution
		{8F0CC5D4-CD17-4A8B-927A-BF644F51A095}.Debug|Any CPU.ActiveCfg = Debug|Win32
		{8F0CC5D4-CD17-4A8B-927A-BF644F51A095}.Debug|ARM.ActiveCfg = Debug|ARM
		{8F0CC5D4-CD17-4A8B-927A-BF644F51A095}.Debug|ARM.Build.0 = Debug|ARM
		{8F0CC5D4-CD17-4A8B-927A-BF644F51A095}.Debug|x64.ActiveCfg = Debug|x64
		{8F0CC5D4-CD17-4A8B-927A-BF644F51A095}.Debug|x64.Build.0 = Debug|x64
		{8F0CC5D4-CD17-4A8B-927A-BF644F51A095}.Debug|x86.ActiveCfg = Debug|Win32
		{8F0CC5D4-CD17-4A8B-927A-BF644F51A095}.Debug|x86.Build.0 = Debug|Win32
		{8F0CC5D4-CD17-4A8B-927A-BF644F51A095}.Release|Any CPU.ActiveCfg = Release|Win32
		{8F0CC5D4-CD17-4A8B-927A-BF644F51A095}.Release|ARM.ActiveCfg = Release|ARM
		{8F0CC5D4-CD17-4A8B-927A-BF644F51A095}.Release|ARM.Build.0 = Release|ARM
		{8F0CC5D4-CD17-4A8B-927A-BF644F51A095}.Release|x64.ActiveCfg = Release|x64
		{8F0CC5D4-CD17-4A8B-927A-BF644F51A095}.Release|x64.Build.0 = Release|x64
		{8F0CC5D4-CD17-4A8B-927A-BF644F51A095}.Release|x86.ActiveCfg = Release|Win32
		{8F0CC5D4-CD17-4A8B-927A-BF644F51A095}.Release|x86.Build.0 = Release|Win32
		{D506D855-1687-4180-8FEF-0512A6F1ECE0}.Debug|Any CPU.ActiveCfg = Debug|Any CPU
		{D506D855-1687-4180-8FEF-0512A6F1ECE0}.Debug|Any CPU.Build.0 = Debug|Any CPU
		{D506D855-1687-4180-8FEF-0512A6F1ECE0}.Debug|ARM.ActiveCfg = Debug|Any CPU
		{D506D855-1687-4180-8FEF-0512A6F1ECE0}.Debug|ARM.Build.0 = Debug|Any CPU
		{D506D855-1687-4180-8FEF-0512A6F1ECE0}.Debug|x64.ActiveCfg = Debug|Any CPU
		{D506D855-1687-4180-8FEF-0512A6F1ECE0}.Debug|x64.Build.0 = Debug|Any CPU
		{D506D855-1687-4180-8FEF-0512A6F1ECE0}.Debug|x86.ActiveCfg = Debug|Any CPU
		{D506D855-1687-4180-8FEF-0512A6F1ECE0}.Debug|x86.Build.0 = Debug|Any CPU
		{D506D855-1687-4180-8FEF-0512A6F1ECE0}.Release|Any CPU.ActiveCfg = Release|Any CPU
		{D506D855-1687-4180-8FEF-0512A6F1ECE0}.Release|Any CPU.Build.0 = Release|Any CPU
		{D506D855-1687-4180-8FEF-0512A6F1ECE0}.Release|ARM.ActiveCfg = Release|Any CPU
		{D506D855-1687-4180-8FEF-0512A6F1ECE0}.Release|ARM.Build.0 = Release|Any CPU
		{D506D855-1687-4180-8FEF-0512A6F1ECE0}.Release|x64.ActiveCfg = Release|Any CPU
		{D506D855-1687-4180-8FEF-0512A6F1ECE0}.Release|x64.Build.0 = Release|Any CPU
		{D506D855-1687-4180-8FEF-0512A6F1ECE0}.Release|x86.ActiveCfg = Release|Any CPU
		{D506D855-1687-4180-8FEF-0512A6F1ECE0}.Release|x86.Build.0 = Release|Any CPU
	EndGlobalSection
	GlobalSection(SolutionProperties) = preSolution
		HideSolutionNode = FALSE
	EndGlobalSection
EndGlobal
